// !$*UTF8*$!
{
	archiveVersion = 1;
	classes = {
	};
	objectVersion = 51;
	objects = {

/* Begin PBXBuildFile section */
		24840EA2EDD07E7F36DCF9D0 /* Pods_PokemonTeams.framework in Frameworks */ = {isa = PBXBuildFile; fileRef = 1734C66B88B7815200941FF6 /* Pods_PokemonTeams.framework */; };
		5D5EAB7125EA947B00F8C5D6 /* AppDelegate.swift in Sources */ = {isa = PBXBuildFile; fileRef = 5D5EAB7025EA947B00F8C5D6 /* AppDelegate.swift */; };
		5D5EAB7325EA947B00F8C5D6 /* SceneDelegate.swift in Sources */ = {isa = PBXBuildFile; fileRef = 5D5EAB7225EA947B00F8C5D6 /* SceneDelegate.swift */; };
		5D5EAB7525EA947B00F8C5D6 /* ViewController.swift in Sources */ = {isa = PBXBuildFile; fileRef = 5D5EAB7425EA947B00F8C5D6 /* ViewController.swift */; };
		5D5EAB7825EA947B00F8C5D6 /* Main.storyboard in Resources */ = {isa = PBXBuildFile; fileRef = 5D5EAB7625EA947B00F8C5D6 /* Main.storyboard */; };
		5D5EAB7A25EA947C00F8C5D6 /* Assets.xcassets in Resources */ = {isa = PBXBuildFile; fileRef = 5D5EAB7925EA947C00F8C5D6 /* Assets.xcassets */; };
		5D5EAB7D25EA947C00F8C5D6 /* LaunchScreen.storyboard in Resources */ = {isa = PBXBuildFile; fileRef = 5D5EAB7B25EA947C00F8C5D6 /* LaunchScreen.storyboard */; };
		5D5EAB8825EA99C800F8C5D6 /* UIView+Extension.swift in Sources */ = {isa = PBXBuildFile; fileRef = 5D5EAB8725EA99C800F8C5D6 /* UIView+Extension.swift */; };
		5D74DBAD25EBB89A00C45554 /* PokemonProviding.swift in Sources */ = {isa = PBXBuildFile; fileRef = 5D74DBAC25EBB89A00C45554 /* PokemonProviding.swift */; };
		5D74DBB025EBB8C700C45554 /* PokemonApiProvider.swift in Sources */ = {isa = PBXBuildFile; fileRef = 5D74DBAF25EBB8C700C45554 /* PokemonApiProvider.swift */; };
		5D74DBB425EBB98200C45554 /* RouteConstants.swift in Sources */ = {isa = PBXBuildFile; fileRef = 5D74DBB325EBB98200C45554 /* RouteConstants.swift */; };
		5D74DBCF25EBCB3600C45554 /* URL+Extension.swift in Sources */ = {isa = PBXBuildFile; fileRef = 5D74DBCE25EBCB3600C45554 /* URL+Extension.swift */; };
		5D74DBD325EC0ED200C45554 /* Teams.swift in Sources */ = {isa = PBXBuildFile; fileRef = 5D74DBD225EC0ED200C45554 /* Teams.swift */; };
		5D74DBD825EC10A500C45554 /* TeamsTableViewCell.swift in Sources */ = {isa = PBXBuildFile; fileRef = 5D74DBD725EC10A500C45554 /* TeamsTableViewCell.swift */; };
		5D74DBDD25EC173400C45554 /* TeamsListViewController.swift in Sources */ = {isa = PBXBuildFile; fileRef = 5D74DBDC25EC173400C45554 /* TeamsListViewController.swift */; };
		5D74DBE425EC1AE800C45554 /* FirestoreTeamDataProvider.swift in Sources */ = {isa = PBXBuildFile; fileRef = 5D74DBE325EC1AE800C45554 /* FirestoreTeamDataProvider.swift */; };
		5D74DBE825EC1E6E00C45554 /* CreateTeamsViewController.swift in Sources */ = {isa = PBXBuildFile; fileRef = 5D74DBE725EC1E6E00C45554 /* CreateTeamsViewController.swift */; };
		5D74DBEB25EC1EAA00C45554 /* TeamsDetailsViewController.swift in Sources */ = {isa = PBXBuildFile; fileRef = 5D74DBEA25EC1EAA00C45554 /* TeamsDetailsViewController.swift */; };
		5D74DBEE25EC313500C45554 /* CreateTeamViewModel.swift in Sources */ = {isa = PBXBuildFile; fileRef = 5D74DBED25EC313500C45554 /* CreateTeamViewModel.swift */; };
		5D74DBF225EC33A600C45554 /* TeamDataProviding.swift in Sources */ = {isa = PBXBuildFile; fileRef = 5D74DBF125EC33A600C45554 /* TeamDataProviding.swift */; };
		5D74DBF625EC577700C45554 /* PokemonTableViewCell.swift in Sources */ = {isa = PBXBuildFile; fileRef = 5D74DBF525EC577700C45554 /* PokemonTableViewCell.swift */; };
		5D74DBFB25EC7F0700C45554 /* FirestoreTeamRepresentation.swift in Sources */ = {isa = PBXBuildFile; fileRef = 5D74DBFA25EC7F0700C45554 /* FirestoreTeamRepresentation.swift */; };
		5D836D8525EAA956002DE605 /* LoginViewController.swift in Sources */ = {isa = PBXBuildFile; fileRef = 5D836D8425EAA956002DE605 /* LoginViewController.swift */; };
		5D836D8925EAAA51002DE605 /* SignUpViewController.swift in Sources */ = {isa = PBXBuildFile; fileRef = 5D836D8825EAAA51002DE605 /* SignUpViewController.swift */; };
		5D836D8C25EAB186002DE605 /* GoogleService-Info.plist in Resources */ = {isa = PBXBuildFile; fileRef = 5D836D8B25EAB186002DE605 /* GoogleService-Info.plist */; };
		5D836DA025EAB5AF002DE605 /* FirebaseAuthProvider.swift in Sources */ = {isa = PBXBuildFile; fileRef = 5D836D9F25EAB5AF002DE605 /* FirebaseAuthProvider.swift */; };
		5D836DA425EAB5E1002DE605 /* AuthProviding.swift in Sources */ = {isa = PBXBuildFile; fileRef = 5D836DA325EAB5E1002DE605 /* AuthProviding.swift */; };
		5D836DA825EAB68C002DE605 /* LoginResponse.swift in Sources */ = {isa = PBXBuildFile; fileRef = 5D836DA725EAB68C002DE605 /* LoginResponse.swift */; };
		5D836DAC25EAB8F1002DE605 /* RegisterResponses.swift in Sources */ = {isa = PBXBuildFile; fileRef = 5D836DAB25EAB8F1002DE605 /* RegisterResponses.swift */; };
		5D836DAF25EAB94B002DE605 /* User.swift in Sources */ = {isa = PBXBuildFile; fileRef = 5D836DAE25EAB94B002DE605 /* User.swift */; };
		5D836DB425EAC1A4002DE605 /* LoginViewModel.swift in Sources */ = {isa = PBXBuildFile; fileRef = 5D836DB325EAC1A4002DE605 /* LoginViewModel.swift */; };
		5D836DD025EACE20002DE605 /* RegisterViewModel.swift in Sources */ = {isa = PBXBuildFile; fileRef = 5D836DCF25EACE20002DE605 /* RegisterViewModel.swift */; };
		5D836DD325EAF7F1002DE605 /* HomeViewController.swift in Sources */ = {isa = PBXBuildFile; fileRef = 5D836DD225EAF7F1002DE605 /* HomeViewController.swift */; };
		5D836DDF25EAFA09002DE605 /* PokemonCollectionViewCell.swift in Sources */ = {isa = PBXBuildFile; fileRef = 5D836DDE25EAFA09002DE605 /* PokemonCollectionViewCell.swift */; };
		5D836DF925EB02A2002DE605 /* Pokemon.swift in Sources */ = {isa = PBXBuildFile; fileRef = 5D836DF825EB02A2002DE605 /* Pokemon.swift */; };
		5D836DFC25EB0349002DE605 /* UIImageView+Extension.swift in Sources */ = {isa = PBXBuildFile; fileRef = 5D836DFB25EB0349002DE605 /* UIImageView+Extension.swift */; };
		5D836E1725EB09DD002DE605 /* HomeViewModel.swift in Sources */ = {isa = PBXBuildFile; fileRef = 5D836E1625EB09DD002DE605 /* HomeViewModel.swift */; };
		5D836E3525EB4F1B002DE605 /* Keychain.swift in Sources */ = {isa = PBXBuildFile; fileRef = 5D836E3425EB4F1A002DE605 /* Keychain.swift */; };
		5DEDA3C525EC99FE00C2335D /* TeamListViewModel.swift in Sources */ = {isa = PBXBuildFile; fileRef = 5DEDA3C425EC99FE00C2335D /* TeamListViewModel.swift */; };
		5DEDA3D125ECBCC500C2335D /* American Captain.otf in Resources */ = {isa = PBXBuildFile; fileRef = 5DEDA3C825ECBCC500C2335D /* American Captain.otf */; };
		5DEDA3D225ECBCC500C2335D /* Blacksword.otf in Resources */ = {isa = PBXBuildFile; fileRef = 5DEDA3C925ECBCC500C2335D /* Blacksword.otf */; };
		5DEDA3D325ECBCC500C2335D /* Cheveuxdange.ttf in Resources */ = {isa = PBXBuildFile; fileRef = 5DEDA3CA25ECBCC500C2335D /* Cheveuxdange.ttf */; };
		5DEDA3D425ECBCC500C2335D /* digital-7.ttf in Resources */ = {isa = PBXBuildFile; fileRef = 5DEDA3CB25ECBCC500C2335D /* digital-7.ttf */; };
		5DEDA3D525ECBCC500C2335D /* DK Cinnabar Brush.ttf in Resources */ = {isa = PBXBuildFile; fileRef = 5DEDA3CC25ECBCC500C2335D /* DK Cinnabar Brush.ttf */; };
		5DEDA3D625ECBCC500C2335D /* LemonMilk.otf in Resources */ = {isa = PBXBuildFile; fileRef = 5DEDA3CD25ECBCC500C2335D /* LemonMilk.otf */; };
		5DEDA3D725ECBCC500C2335D /* Moon Flower.ttf in Resources */ = {isa = PBXBuildFile; fileRef = 5DEDA3CE25ECBCC500C2335D /* Moon Flower.ttf */; };
		5DEDA3D825ECBCC500C2335D /* PORKYS_.TTF in Resources */ = {isa = PBXBuildFile; fileRef = 5DEDA3CF25ECBCC500C2335D /* PORKYS_.TTF */; };
		5DEDA3D925ECBCC500C2335D /* SugarstyleMillenial-Regular.ttf in Resources */ = {isa = PBXBuildFile; fileRef = 5DEDA3D025ECBCC500C2335D /* SugarstyleMillenial-Regular.ttf */; };
		5DEDA3EF25ECBE6800C2335D /* Montserrat-Black.ttf in Resources */ = {isa = PBXBuildFile; fileRef = 5DEDA3DC25ECBE6800C2335D /* Montserrat-Black.ttf */; };
		5DEDA3F025ECBE6800C2335D /* Montserrat-BlackItalic.ttf in Resources */ = {isa = PBXBuildFile; fileRef = 5DEDA3DD25ECBE6800C2335D /* Montserrat-BlackItalic.ttf */; };
		5DEDA3F125ECBE6800C2335D /* Montserrat-Bold.ttf in Resources */ = {isa = PBXBuildFile; fileRef = 5DEDA3DE25ECBE6800C2335D /* Montserrat-Bold.ttf */; };
		5DEDA3F225ECBE6800C2335D /* Montserrat-BoldItalic.ttf in Resources */ = {isa = PBXBuildFile; fileRef = 5DEDA3DF25ECBE6800C2335D /* Montserrat-BoldItalic.ttf */; };
		5DEDA3F325ECBE6800C2335D /* Montserrat-ExtraBold.ttf in Resources */ = {isa = PBXBuildFile; fileRef = 5DEDA3E025ECBE6800C2335D /* Montserrat-ExtraBold.ttf */; };
		5DEDA3F425ECBE6800C2335D /* Montserrat-ExtraBoldItalic.ttf in Resources */ = {isa = PBXBuildFile; fileRef = 5DEDA3E125ECBE6800C2335D /* Montserrat-ExtraBoldItalic.ttf */; };
		5DEDA3F525ECBE6800C2335D /* Montserrat-ExtraLight.ttf in Resources */ = {isa = PBXBuildFile; fileRef = 5DEDA3E225ECBE6800C2335D /* Montserrat-ExtraLight.ttf */; };
		5DEDA3F625ECBE6800C2335D /* Montserrat-ExtraLightItalic.ttf in Resources */ = {isa = PBXBuildFile; fileRef = 5DEDA3E325ECBE6800C2335D /* Montserrat-ExtraLightItalic.ttf */; };
		5DEDA3F725ECBE6800C2335D /* Montserrat-Italic.ttf in Resources */ = {isa = PBXBuildFile; fileRef = 5DEDA3E425ECBE6800C2335D /* Montserrat-Italic.ttf */; };
		5DEDA3F825ECBE6800C2335D /* Montserrat-Light.ttf in Resources */ = {isa = PBXBuildFile; fileRef = 5DEDA3E525ECBE6800C2335D /* Montserrat-Light.ttf */; };
		5DEDA3F925ECBE6800C2335D /* Montserrat-LightItalic.ttf in Resources */ = {isa = PBXBuildFile; fileRef = 5DEDA3E625ECBE6800C2335D /* Montserrat-LightItalic.ttf */; };
		5DEDA3FA25ECBE6800C2335D /* Montserrat-Medium.ttf in Resources */ = {isa = PBXBuildFile; fileRef = 5DEDA3E725ECBE6800C2335D /* Montserrat-Medium.ttf */; };
		5DEDA3FB25ECBE6800C2335D /* Montserrat-MediumItalic.ttf in Resources */ = {isa = PBXBuildFile; fileRef = 5DEDA3E825ECBE6800C2335D /* Montserrat-MediumItalic.ttf */; };
		5DEDA3FC25ECBE6800C2335D /* Montserrat-Regular.ttf in Resources */ = {isa = PBXBuildFile; fileRef = 5DEDA3E925ECBE6800C2335D /* Montserrat-Regular.ttf */; };
		5DEDA3FD25ECBE6800C2335D /* Montserrat-SemiBold.ttf in Resources */ = {isa = PBXBuildFile; fileRef = 5DEDA3EA25ECBE6800C2335D /* Montserrat-SemiBold.ttf */; };
		5DEDA3FE25ECBE6800C2335D /* Montserrat-SemiBoldItalic.ttf in Resources */ = {isa = PBXBuildFile; fileRef = 5DEDA3EB25ECBE6800C2335D /* Montserrat-SemiBoldItalic.ttf */; };
		5DEDA3FF25ECBE6800C2335D /* Montserrat-Thin.ttf in Resources */ = {isa = PBXBuildFile; fileRef = 5DEDA3EC25ECBE6800C2335D /* Montserrat-Thin.ttf */; };
		5DEDA40025ECBE6800C2335D /* Montserrat-ThinItalic.ttf in Resources */ = {isa = PBXBuildFile; fileRef = 5DEDA3ED25ECBE6800C2335D /* Montserrat-ThinItalic.ttf */; };
		5DEDA40125ECBE6800C2335D /* OFL.txt in Resources */ = {isa = PBXBuildFile; fileRef = 5DEDA3EE25ECBE6800C2335D /* OFL.txt */; };
/* End PBXBuildFile section */

/* Begin PBXFileReference section */
		1734C66B88B7815200941FF6 /* Pods_PokemonTeams.framework */ = {isa = PBXFileReference; explicitFileType = wrapper.framework; includeInIndex = 0; path = Pods_PokemonTeams.framework; sourceTree = BUILT_PRODUCTS_DIR; };
		442D9FE2DB921A062C567580 /* Pods-PokemonTeams.release.xcconfig */ = {isa = PBXFileReference; includeInIndex = 1; lastKnownFileType = text.xcconfig; name = "Pods-PokemonTeams.release.xcconfig"; path = "Target Support Files/Pods-PokemonTeams/Pods-PokemonTeams.release.xcconfig"; sourceTree = "<group>"; };
		5D5EAB6D25EA947B00F8C5D6 /* PokemonTeams.app */ = {isa = PBXFileReference; explicitFileType = wrapper.application; includeInIndex = 0; path = PokemonTeams.app; sourceTree = BUILT_PRODUCTS_DIR; };
		5D5EAB7025EA947B00F8C5D6 /* AppDelegate.swift */ = {isa = PBXFileReference; lastKnownFileType = sourcecode.swift; path = AppDelegate.swift; sourceTree = "<group>"; };
		5D5EAB7225EA947B00F8C5D6 /* SceneDelegate.swift */ = {isa = PBXFileReference; lastKnownFileType = sourcecode.swift; path = SceneDelegate.swift; sourceTree = "<group>"; };
		5D5EAB7425EA947B00F8C5D6 /* ViewController.swift */ = {isa = PBXFileReference; lastKnownFileType = sourcecode.swift; path = ViewController.swift; sourceTree = "<group>"; };
		5D5EAB7725EA947B00F8C5D6 /* Base */ = {isa = PBXFileReference; lastKnownFileType = file.storyboard; name = Base; path = Base.lproj/Main.storyboard; sourceTree = "<group>"; };
		5D5EAB7925EA947C00F8C5D6 /* Assets.xcassets */ = {isa = PBXFileReference; lastKnownFileType = folder.assetcatalog; path = Assets.xcassets; sourceTree = "<group>"; };
		5D5EAB7C25EA947C00F8C5D6 /* Base */ = {isa = PBXFileReference; lastKnownFileType = file.storyboard; name = Base; path = Base.lproj/LaunchScreen.storyboard; sourceTree = "<group>"; };
		5D5EAB7E25EA947C00F8C5D6 /* Info.plist */ = {isa = PBXFileReference; lastKnownFileType = text.plist.xml; path = Info.plist; sourceTree = "<group>"; };
		5D5EAB8725EA99C800F8C5D6 /* UIView+Extension.swift */ = {isa = PBXFileReference; lastKnownFileType = sourcecode.swift; path = "UIView+Extension.swift"; sourceTree = "<group>"; };
		5D74DBAC25EBB89A00C45554 /* PokemonProviding.swift */ = {isa = PBXFileReference; lastKnownFileType = sourcecode.swift; path = PokemonProviding.swift; sourceTree = "<group>"; };
		5D74DBAF25EBB8C700C45554 /* PokemonApiProvider.swift */ = {isa = PBXFileReference; lastKnownFileType = sourcecode.swift; path = PokemonApiProvider.swift; sourceTree = "<group>"; };
		5D74DBB325EBB98200C45554 /* RouteConstants.swift */ = {isa = PBXFileReference; lastKnownFileType = sourcecode.swift; path = RouteConstants.swift; sourceTree = "<group>"; };
		5D74DBCE25EBCB3600C45554 /* URL+Extension.swift */ = {isa = PBXFileReference; lastKnownFileType = sourcecode.swift; path = "URL+Extension.swift"; sourceTree = "<group>"; };
		5D74DBD225EC0ED200C45554 /* Teams.swift */ = {isa = PBXFileReference; lastKnownFileType = sourcecode.swift; path = Teams.swift; sourceTree = "<group>"; };
		5D74DBD725EC10A500C45554 /* TeamsTableViewCell.swift */ = {isa = PBXFileReference; lastKnownFileType = sourcecode.swift; path = TeamsTableViewCell.swift; sourceTree = "<group>"; };
		5D74DBDC25EC173400C45554 /* TeamsListViewController.swift */ = {isa = PBXFileReference; lastKnownFileType = sourcecode.swift; path = TeamsListViewController.swift; sourceTree = "<group>"; };
		5D74DBE325EC1AE800C45554 /* FirestoreTeamDataProvider.swift */ = {isa = PBXFileReference; lastKnownFileType = sourcecode.swift; path = FirestoreTeamDataProvider.swift; sourceTree = "<group>"; };
		5D74DBE725EC1E6E00C45554 /* CreateTeamsViewController.swift */ = {isa = PBXFileReference; lastKnownFileType = sourcecode.swift; path = CreateTeamsViewController.swift; sourceTree = "<group>"; };
		5D74DBEA25EC1EAA00C45554 /* TeamsDetailsViewController.swift */ = {isa = PBXFileReference; lastKnownFileType = sourcecode.swift; path = TeamsDetailsViewController.swift; sourceTree = "<group>"; };
		5D74DBED25EC313500C45554 /* CreateTeamViewModel.swift */ = {isa = PBXFileReference; lastKnownFileType = sourcecode.swift; path = CreateTeamViewModel.swift; sourceTree = "<group>"; };
		5D74DBF125EC33A600C45554 /* TeamDataProviding.swift */ = {isa = PBXFileReference; lastKnownFileType = sourcecode.swift; path = TeamDataProviding.swift; sourceTree = "<group>"; };
		5D74DBF525EC577700C45554 /* PokemonTableViewCell.swift */ = {isa = PBXFileReference; lastKnownFileType = sourcecode.swift; path = PokemonTableViewCell.swift; sourceTree = "<group>"; };
		5D74DBFA25EC7F0700C45554 /* FirestoreTeamRepresentation.swift */ = {isa = PBXFileReference; lastKnownFileType = sourcecode.swift; path = FirestoreTeamRepresentation.swift; sourceTree = "<group>"; };
		5D836D8425EAA956002DE605 /* LoginViewController.swift */ = {isa = PBXFileReference; lastKnownFileType = sourcecode.swift; path = LoginViewController.swift; sourceTree = "<group>"; };
		5D836D8825EAAA51002DE605 /* SignUpViewController.swift */ = {isa = PBXFileReference; lastKnownFileType = sourcecode.swift; path = SignUpViewController.swift; sourceTree = "<group>"; };
		5D836D8B25EAB186002DE605 /* GoogleService-Info.plist */ = {isa = PBXFileReference; fileEncoding = 4; lastKnownFileType = text.plist.xml; path = "GoogleService-Info.plist"; sourceTree = "<group>"; };
		5D836D9F25EAB5AF002DE605 /* FirebaseAuthProvider.swift */ = {isa = PBXFileReference; lastKnownFileType = sourcecode.swift; path = FirebaseAuthProvider.swift; sourceTree = "<group>"; };
		5D836DA325EAB5E1002DE605 /* AuthProviding.swift */ = {isa = PBXFileReference; lastKnownFileType = sourcecode.swift; path = AuthProviding.swift; sourceTree = "<group>"; };
		5D836DA725EAB68C002DE605 /* LoginResponse.swift */ = {isa = PBXFileReference; lastKnownFileType = sourcecode.swift; path = LoginResponse.swift; sourceTree = "<group>"; };
		5D836DAB25EAB8F1002DE605 /* RegisterResponses.swift */ = {isa = PBXFileReference; lastKnownFileType = sourcecode.swift; path = RegisterResponses.swift; sourceTree = "<group>"; };
		5D836DAE25EAB94B002DE605 /* User.swift */ = {isa = PBXFileReference; lastKnownFileType = sourcecode.swift; path = User.swift; sourceTree = "<group>"; };
		5D836DB325EAC1A4002DE605 /* LoginViewModel.swift */ = {isa = PBXFileReference; lastKnownFileType = sourcecode.swift; path = LoginViewModel.swift; sourceTree = "<group>"; };
		5D836DCF25EACE20002DE605 /* RegisterViewModel.swift */ = {isa = PBXFileReference; lastKnownFileType = sourcecode.swift; path = RegisterViewModel.swift; sourceTree = "<group>"; };
		5D836DD225EAF7F1002DE605 /* HomeViewController.swift */ = {isa = PBXFileReference; lastKnownFileType = sourcecode.swift; path = HomeViewController.swift; sourceTree = "<group>"; };
		5D836DDE25EAFA09002DE605 /* PokemonCollectionViewCell.swift */ = {isa = PBXFileReference; lastKnownFileType = sourcecode.swift; path = PokemonCollectionViewCell.swift; sourceTree = "<group>"; };
		5D836DF825EB02A2002DE605 /* Pokemon.swift */ = {isa = PBXFileReference; lastKnownFileType = sourcecode.swift; path = Pokemon.swift; sourceTree = "<group>"; };
		5D836DFB25EB0349002DE605 /* UIImageView+Extension.swift */ = {isa = PBXFileReference; fileEncoding = 4; lastKnownFileType = sourcecode.swift; path = "UIImageView+Extension.swift"; sourceTree = "<group>"; };
		5D836E1625EB09DD002DE605 /* HomeViewModel.swift */ = {isa = PBXFileReference; lastKnownFileType = sourcecode.swift; path = HomeViewModel.swift; sourceTree = "<group>"; };
		5D836E3425EB4F1A002DE605 /* Keychain.swift */ = {isa = PBXFileReference; lastKnownFileType = sourcecode.swift; path = Keychain.swift; sourceTree = "<group>"; };
		5DEDA3C425EC99FE00C2335D /* TeamListViewModel.swift */ = {isa = PBXFileReference; lastKnownFileType = sourcecode.swift; path = TeamListViewModel.swift; sourceTree = "<group>"; };
		5DEDA3C825ECBCC500C2335D /* American Captain.otf */ = {isa = PBXFileReference; lastKnownFileType = file; path = "American Captain.otf"; sourceTree = "<group>"; };
		5DEDA3C925ECBCC500C2335D /* Blacksword.otf */ = {isa = PBXFileReference; lastKnownFileType = file; path = Blacksword.otf; sourceTree = "<group>"; };
		5DEDA3CA25ECBCC500C2335D /* Cheveuxdange.ttf */ = {isa = PBXFileReference; lastKnownFileType = file; path = Cheveuxdange.ttf; sourceTree = "<group>"; };
		5DEDA3CB25ECBCC500C2335D /* digital-7.ttf */ = {isa = PBXFileReference; lastKnownFileType = file; path = "digital-7.ttf"; sourceTree = "<group>"; };
		5DEDA3CC25ECBCC500C2335D /* DK Cinnabar Brush.ttf */ = {isa = PBXFileReference; lastKnownFileType = file; path = "DK Cinnabar Brush.ttf"; sourceTree = "<group>"; };
		5DEDA3CD25ECBCC500C2335D /* LemonMilk.otf */ = {isa = PBXFileReference; lastKnownFileType = file; path = LemonMilk.otf; sourceTree = "<group>"; };
		5DEDA3CE25ECBCC500C2335D /* Moon Flower.ttf */ = {isa = PBXFileReference; lastKnownFileType = file; path = "Moon Flower.ttf"; sourceTree = "<group>"; };
		5DEDA3CF25ECBCC500C2335D /* PORKYS_.TTF */ = {isa = PBXFileReference; lastKnownFileType = file; path = PORKYS_.TTF; sourceTree = "<group>"; };
		5DEDA3D025ECBCC500C2335D /* SugarstyleMillenial-Regular.ttf */ = {isa = PBXFileReference; lastKnownFileType = file; path = "SugarstyleMillenial-Regular.ttf"; sourceTree = "<group>"; };
		5DEDA3DC25ECBE6800C2335D /* Montserrat-Black.ttf */ = {isa = PBXFileReference; lastKnownFileType = file; path = "Montserrat-Black.ttf"; sourceTree = "<group>"; };
		5DEDA3DD25ECBE6800C2335D /* Montserrat-BlackItalic.ttf */ = {isa = PBXFileReference; lastKnownFileType = file; path = "Montserrat-BlackItalic.ttf"; sourceTree = "<group>"; };
		5DEDA3DE25ECBE6800C2335D /* Montserrat-Bold.ttf */ = {isa = PBXFileReference; lastKnownFileType = file; path = "Montserrat-Bold.ttf"; sourceTree = "<group>"; };
		5DEDA3DF25ECBE6800C2335D /* Montserrat-BoldItalic.ttf */ = {isa = PBXFileReference; lastKnownFileType = file; path = "Montserrat-BoldItalic.ttf"; sourceTree = "<group>"; };
		5DEDA3E025ECBE6800C2335D /* Montserrat-ExtraBold.ttf */ = {isa = PBXFileReference; lastKnownFileType = file; path = "Montserrat-ExtraBold.ttf"; sourceTree = "<group>"; };
		5DEDA3E125ECBE6800C2335D /* Montserrat-ExtraBoldItalic.ttf */ = {isa = PBXFileReference; lastKnownFileType = file; path = "Montserrat-ExtraBoldItalic.ttf"; sourceTree = "<group>"; };
		5DEDA3E225ECBE6800C2335D /* Montserrat-ExtraLight.ttf */ = {isa = PBXFileReference; lastKnownFileType = file; path = "Montserrat-ExtraLight.ttf"; sourceTree = "<group>"; };
		5DEDA3E325ECBE6800C2335D /* Montserrat-ExtraLightItalic.ttf */ = {isa = PBXFileReference; lastKnownFileType = file; path = "Montserrat-ExtraLightItalic.ttf"; sourceTree = "<group>"; };
		5DEDA3E425ECBE6800C2335D /* Montserrat-Italic.ttf */ = {isa = PBXFileReference; lastKnownFileType = file; path = "Montserrat-Italic.ttf"; sourceTree = "<group>"; };
		5DEDA3E525ECBE6800C2335D /* Montserrat-Light.ttf */ = {isa = PBXFileReference; lastKnownFileType = file; path = "Montserrat-Light.ttf"; sourceTree = "<group>"; };
		5DEDA3E625ECBE6800C2335D /* Montserrat-LightItalic.ttf */ = {isa = PBXFileReference; lastKnownFileType = file; path = "Montserrat-LightItalic.ttf"; sourceTree = "<group>"; };
		5DEDA3E725ECBE6800C2335D /* Montserrat-Medium.ttf */ = {isa = PBXFileReference; lastKnownFileType = file; path = "Montserrat-Medium.ttf"; sourceTree = "<group>"; };
		5DEDA3E825ECBE6800C2335D /* Montserrat-MediumItalic.ttf */ = {isa = PBXFileReference; lastKnownFileType = file; path = "Montserrat-MediumItalic.ttf"; sourceTree = "<group>"; };
		5DEDA3E925ECBE6800C2335D /* Montserrat-Regular.ttf */ = {isa = PBXFileReference; lastKnownFileType = file; path = "Montserrat-Regular.ttf"; sourceTree = "<group>"; };
		5DEDA3EA25ECBE6800C2335D /* Montserrat-SemiBold.ttf */ = {isa = PBXFileReference; lastKnownFileType = file; path = "Montserrat-SemiBold.ttf"; sourceTree = "<group>"; };
		5DEDA3EB25ECBE6800C2335D /* Montserrat-SemiBoldItalic.ttf */ = {isa = PBXFileReference; lastKnownFileType = file; path = "Montserrat-SemiBoldItalic.ttf"; sourceTree = "<group>"; };
		5DEDA3EC25ECBE6800C2335D /* Montserrat-Thin.ttf */ = {isa = PBXFileReference; lastKnownFileType = file; path = "Montserrat-Thin.ttf"; sourceTree = "<group>"; };
		5DEDA3ED25ECBE6800C2335D /* Montserrat-ThinItalic.ttf */ = {isa = PBXFileReference; lastKnownFileType = file; path = "Montserrat-ThinItalic.ttf"; sourceTree = "<group>"; };
		5DEDA3EE25ECBE6800C2335D /* OFL.txt */ = {isa = PBXFileReference; fileEncoding = 4; lastKnownFileType = text; path = OFL.txt; sourceTree = "<group>"; };
		D1F02E7619B3962988331096 /* Pods-PokemonTeams.debug.xcconfig */ = {isa = PBXFileReference; includeInIndex = 1; lastKnownFileType = text.xcconfig; name = "Pods-PokemonTeams.debug.xcconfig"; path = "Target Support Files/Pods-PokemonTeams/Pods-PokemonTeams.debug.xcconfig"; sourceTree = "<group>"; };
/* End PBXFileReference section */

/* Begin PBXFrameworksBuildPhase section */
		5D5EAB6A25EA947B00F8C5D6 /* Frameworks */ = {
			isa = PBXFrameworksBuildPhase;
			buildActionMask = 2147483647;
			files = (
				24840EA2EDD07E7F36DCF9D0 /* Pods_PokemonTeams.framework in Frameworks */,
			);
			runOnlyForDeploymentPostprocessing = 0;
		};
/* End PBXFrameworksBuildPhase section */

/* Begin PBXGroup section */
		5D5EAB6425EA947B00F8C5D6 = {
			isa = PBXGroup;
			children = (
				5D5EAB6F25EA947B00F8C5D6 /* PokemonTeams */,
				5D5EAB6E25EA947B00F8C5D6 /* Products */,
				8BBF465D5AFDBC6045B7FEBE /* Pods */,
				F845A086FC311002789A8979 /* Frameworks */,
			);
			sourceTree = "<group>";
		};
		5D5EAB6E25EA947B00F8C5D6 /* Products */ = {
			isa = PBXGroup;
			children = (
				5D5EAB6D25EA947B00F8C5D6 /* PokemonTeams.app */,
			);
			name = Products;
			sourceTree = "<group>";
		};
		5D5EAB6F25EA947B00F8C5D6 /* PokemonTeams */ = {
			isa = PBXGroup;
			children = (
				5D5EAB7025EA947B00F8C5D6 /* AppDelegate.swift */,
				5D5EAB7225EA947B00F8C5D6 /* SceneDelegate.swift */,
				5D5EAB8B25EA9EE100F8C5D6 /* Views */,
				5D5EAB8D25EA9EEE00F8C5D6 /* View Controllers */,
				5D836DB125EAC177002DE605 /* ViewModels */,
				5D5EAB8C25EA9EE600F8C5D6 /* Model */,
				5D5EAB8A25EA9ED900F8C5D6 /* Data */,
				5D5EAB8525EA99B500F8C5D6 /* Supporting Files */,
				5D5EAB7925EA947C00F8C5D6 /* Assets.xcassets */,
				5D5EAB7E25EA947C00F8C5D6 /* Info.plist */,
			);
			path = PokemonTeams;
			sourceTree = "<group>";
		};
		5D5EAB8525EA99B500F8C5D6 /* Supporting Files */ = {
			isa = PBXGroup;
			children = (
				5DEDA3C725ECBCC500C2335D /* Custom Fonts */,
				5D5EAB8625EA99BB00F8C5D6 /* Extension */,
				5D836D8B25EAB186002DE605 /* GoogleService-Info.plist */,
				5D836E3425EB4F1A002DE605 /* Keychain.swift */,
			);
			path = "Supporting Files";
			sourceTree = "<group>";
		};
		5D5EAB8625EA99BB00F8C5D6 /* Extension */ = {
			isa = PBXGroup;
			children = (
				5D836DFB25EB0349002DE605 /* UIImageView+Extension.swift */,
				5D5EAB8725EA99C800F8C5D6 /* UIView+Extension.swift */,
				5D74DBCE25EBCB3600C45554 /* URL+Extension.swift */,
			);
			path = Extension;
			sourceTree = "<group>";
		};
		5D5EAB8A25EA9ED900F8C5D6 /* Data */ = {
			isa = PBXGroup;
			children = (
				5D74DBE025EC1A9B00C45554 /* Protocols */,
				5D74DBB225EBB96900C45554 /* Networking */,
				5D836D9F25EAB5AF002DE605 /* FirebaseAuthProvider.swift */,
				5D74DBAF25EBB8C700C45554 /* PokemonApiProvider.swift */,
				5D74DBE325EC1AE800C45554 /* FirestoreTeamDataProvider.swift */,
			);
			path = Data;
			sourceTree = "<group>";
		};
		5D5EAB8B25EA9EE100F8C5D6 /* Views */ = {
			isa = PBXGroup;
			children = (
				5D836DD525EAF9C4002DE605 /* Custom Views */,
				5D5EAB7625EA947B00F8C5D6 /* Main.storyboard */,
				5D5EAB7B25EA947C00F8C5D6 /* LaunchScreen.storyboard */,
			);
			path = Views;
			sourceTree = "<group>";
		};
		5D5EAB8C25EA9EE600F8C5D6 /* Model */ = {
			isa = PBXGroup;
			children = (
				5D836DA725EAB68C002DE605 /* LoginResponse.swift */,
				5D836DAB25EAB8F1002DE605 /* RegisterResponses.swift */,
				5D836DAE25EAB94B002DE605 /* User.swift */,
				5D836DF825EB02A2002DE605 /* Pokemon.swift */,
				5D74DBD225EC0ED200C45554 /* Teams.swift */,
				5D74DBFA25EC7F0700C45554 /* FirestoreTeamRepresentation.swift */,
			);
			path = Model;
			sourceTree = "<group>";
		};
		5D5EAB8D25EA9EEE00F8C5D6 /* View Controllers */ = {
			isa = PBXGroup;
			children = (
				5D74DBDB25EC171500C45554 /* Teams */,
				5D5EAB7425EA947B00F8C5D6 /* ViewController.swift */,
				5D836D8425EAA956002DE605 /* LoginViewController.swift */,
				5D836D8825EAAA51002DE605 /* SignUpViewController.swift */,
				5D836DD225EAF7F1002DE605 /* HomeViewController.swift */,
			);
			path = "View Controllers";
			sourceTree = "<group>";
		};
		5D74DBB225EBB96900C45554 /* Networking */ = {
			isa = PBXGroup;
			children = (
				5D74DBB325EBB98200C45554 /* RouteConstants.swift */,
			);
			path = Networking;
			sourceTree = "<group>";
		};
		5D74DBDB25EC171500C45554 /* Teams */ = {
			isa = PBXGroup;
			children = (
				5D74DBDC25EC173400C45554 /* TeamsListViewController.swift */,
				5D74DBE725EC1E6E00C45554 /* CreateTeamsViewController.swift */,
				5D74DBEA25EC1EAA00C45554 /* TeamsDetailsViewController.swift */,
			);
			path = Teams;
			sourceTree = "<group>";
		};
		5D74DBE025EC1A9B00C45554 /* Protocols */ = {
			isa = PBXGroup;
			children = (
				5D836DA325EAB5E1002DE605 /* AuthProviding.swift */,
				5D74DBAC25EBB89A00C45554 /* PokemonProviding.swift */,
				5D74DBF125EC33A600C45554 /* TeamDataProviding.swift */,
			);
			path = Protocols;
			sourceTree = "<group>";
		};
		5D836DB125EAC177002DE605 /* ViewModels */ = {
			isa = PBXGroup;
			children = (
				5D836DB325EAC1A4002DE605 /* LoginViewModel.swift */,
				5D836DCF25EACE20002DE605 /* RegisterViewModel.swift */,
				5D836E1625EB09DD002DE605 /* HomeViewModel.swift */,
				5D74DBED25EC313500C45554 /* CreateTeamViewModel.swift */,
				5DEDA3C425EC99FE00C2335D /* TeamListViewModel.swift */,
			);
			path = ViewModels;
			sourceTree = "<group>";
		};
		5D836DD525EAF9C4002DE605 /* Custom Views */ = {
			isa = PBXGroup;
			children = (
				5D836DDE25EAFA09002DE605 /* PokemonCollectionViewCell.swift */,
				5D74DBD725EC10A500C45554 /* TeamsTableViewCell.swift */,
				5D74DBF525EC577700C45554 /* PokemonTableViewCell.swift */,
			);
			path = "Custom Views";
			sourceTree = "<group>";
		};
		5DEDA3C725ECBCC500C2335D /* Custom Fonts */ = {
			isa = PBXGroup;
			children = (
				5DEDA3DB25ECBE6800C2335D /* Montserrat */,
				5DEDA3C825ECBCC500C2335D /* American Captain.otf */,
				5DEDA3C925ECBCC500C2335D /* Blacksword.otf */,
				5DEDA3CA25ECBCC500C2335D /* Cheveuxdange.ttf */,
				5DEDA3CB25ECBCC500C2335D /* digital-7.ttf */,
				5DEDA3CC25ECBCC500C2335D /* DK Cinnabar Brush.ttf */,
				5DEDA3CD25ECBCC500C2335D /* LemonMilk.otf */,
				5DEDA3CE25ECBCC500C2335D /* Moon Flower.ttf */,
				5DEDA3CF25ECBCC500C2335D /* PORKYS_.TTF */,
				5DEDA3D025ECBCC500C2335D /* SugarstyleMillenial-Regular.ttf */,
			);
			path = "Custom Fonts";
			sourceTree = "<group>";
		};
		5DEDA3DB25ECBE6800C2335D /* Montserrat */ = {
			isa = PBXGroup;
			children = (
				5DEDA3DC25ECBE6800C2335D /* Montserrat-Black.ttf */,
				5DEDA3DD25ECBE6800C2335D /* Montserrat-BlackItalic.ttf */,
				5DEDA3DE25ECBE6800C2335D /* Montserrat-Bold.ttf */,
				5DEDA3DF25ECBE6800C2335D /* Montserrat-BoldItalic.ttf */,
				5DEDA3E025ECBE6800C2335D /* Montserrat-ExtraBold.ttf */,
				5DEDA3E125ECBE6800C2335D /* Montserrat-ExtraBoldItalic.ttf */,
				5DEDA3E225ECBE6800C2335D /* Montserrat-ExtraLight.ttf */,
				5DEDA3E325ECBE6800C2335D /* Montserrat-ExtraLightItalic.ttf */,
				5DEDA3E425ECBE6800C2335D /* Montserrat-Italic.ttf */,
				5DEDA3E525ECBE6800C2335D /* Montserrat-Light.ttf */,
				5DEDA3E625ECBE6800C2335D /* Montserrat-LightItalic.ttf */,
				5DEDA3E725ECBE6800C2335D /* Montserrat-Medium.ttf */,
				5DEDA3E825ECBE6800C2335D /* Montserrat-MediumItalic.ttf */,
				5DEDA3E925ECBE6800C2335D /* Montserrat-Regular.ttf */,
				5DEDA3EA25ECBE6800C2335D /* Montserrat-SemiBold.ttf */,
				5DEDA3EB25ECBE6800C2335D /* Montserrat-SemiBoldItalic.ttf */,
				5DEDA3EC25ECBE6800C2335D /* Montserrat-Thin.ttf */,
				5DEDA3ED25ECBE6800C2335D /* Montserrat-ThinItalic.ttf */,
				5DEDA3EE25ECBE6800C2335D /* OFL.txt */,
			);
			path = Montserrat;
			sourceTree = "<group>";
		};
		8BBF465D5AFDBC6045B7FEBE /* Pods */ = {
			isa = PBXGroup;
			children = (
				D1F02E7619B3962988331096 /* Pods-PokemonTeams.debug.xcconfig */,
				442D9FE2DB921A062C567580 /* Pods-PokemonTeams.release.xcconfig */,
			);
			path = Pods;
			sourceTree = "<group>";
		};
		F845A086FC311002789A8979 /* Frameworks */ = {
			isa = PBXGroup;
			children = (
				1734C66B88B7815200941FF6 /* Pods_PokemonTeams.framework */,
			);
			name = Frameworks;
			sourceTree = "<group>";
		};
/* End PBXGroup section */

/* Begin PBXNativeTarget section */
		5D5EAB6C25EA947B00F8C5D6 /* PokemonTeams */ = {
			isa = PBXNativeTarget;
			buildConfigurationList = 5D5EAB8125EA947C00F8C5D6 /* Build configuration list for PBXNativeTarget "PokemonTeams" */;
			buildPhases = (
				2AD53A0DB1E331EBBA0409E5 /* [CP] Check Pods Manifest.lock */,
				5D5EAB6925EA947B00F8C5D6 /* Sources */,
				5D5EAB6A25EA947B00F8C5D6 /* Frameworks */,
				5D5EAB6B25EA947B00F8C5D6 /* Resources */,
				B6C418835480896314B611FE /* [CP] Embed Pods Frameworks */,
			);
			buildRules = (
			);
			dependencies = (
			);
			name = PokemonTeams;
			productName = PokemonTeams;
			productReference = 5D5EAB6D25EA947B00F8C5D6 /* PokemonTeams.app */;
			productType = "com.apple.product-type.application";
		};
/* End PBXNativeTarget section */

/* Begin PBXProject section */
		5D5EAB6525EA947B00F8C5D6 /* Project object */ = {
			isa = PBXProject;
			attributes = {
				LastSwiftUpdateCheck = 1240;
				LastUpgradeCheck = 1240;
				TargetAttributes = {
					5D5EAB6C25EA947B00F8C5D6 = {
						CreatedOnToolsVersion = 12.4;
					};
				};
			};
			buildConfigurationList = 5D5EAB6825EA947B00F8C5D6 /* Build configuration list for PBXProject "PokemonTeams" */;
			compatibilityVersion = "Xcode 9.3";
			developmentRegion = en;
			hasScannedForEncodings = 0;
			knownRegions = (
				en,
				Base,
			);
			mainGroup = 5D5EAB6425EA947B00F8C5D6;
			productRefGroup = 5D5EAB6E25EA947B00F8C5D6 /* Products */;
			projectDirPath = "";
			projectRoot = "";
			targets = (
				5D5EAB6C25EA947B00F8C5D6 /* PokemonTeams */,
			);
		};
/* End PBXProject section */

/* Begin PBXResourcesBuildPhase section */
		5D5EAB6B25EA947B00F8C5D6 /* Resources */ = {
			isa = PBXResourcesBuildPhase;
			buildActionMask = 2147483647;
			files = (
				5DEDA3D725ECBCC500C2335D /* Moon Flower.ttf in Resources */,
				5DEDA3FA25ECBE6800C2335D /* Montserrat-Medium.ttf in Resources */,
				5DEDA3F425ECBE6800C2335D /* Montserrat-ExtraBoldItalic.ttf in Resources */,
				5DEDA3EF25ECBE6800C2335D /* Montserrat-Black.ttf in Resources */,
				5DEDA3D925ECBCC500C2335D /* SugarstyleMillenial-Regular.ttf in Resources */,
				5DEDA3F225ECBE6800C2335D /* Montserrat-BoldItalic.ttf in Resources */,
				5DEDA3F025ECBE6800C2335D /* Montserrat-BlackItalic.ttf in Resources */,
				5D5EAB7D25EA947C00F8C5D6 /* LaunchScreen.storyboard in Resources */,
				5DEDA3D825ECBCC500C2335D /* PORKYS_.TTF in Resources */,
				5DEDA3FC25ECBE6800C2335D /* Montserrat-Regular.ttf in Resources */,
				5DEDA3FF25ECBE6800C2335D /* Montserrat-Thin.ttf in Resources */,
				5DEDA3FD25ECBE6800C2335D /* Montserrat-SemiBold.ttf in Resources */,
				5DEDA3F925ECBE6800C2335D /* Montserrat-LightItalic.ttf in Resources */,
				5DEDA3F325ECBE6800C2335D /* Montserrat-ExtraBold.ttf in Resources */,
				5DEDA3F525ECBE6800C2335D /* Montserrat-ExtraLight.ttf in Resources */,
				5DEDA3F825ECBE6800C2335D /* Montserrat-Light.ttf in Resources */,
				5D836D8C25EAB186002DE605 /* GoogleService-Info.plist in Resources */,
				5DEDA3FE25ECBE6800C2335D /* Montserrat-SemiBoldItalic.ttf in Resources */,
				5DEDA3FB25ECBE6800C2335D /* Montserrat-MediumItalic.ttf in Resources */,
				5DEDA40025ECBE6800C2335D /* Montserrat-ThinItalic.ttf in Resources */,
				5DEDA3D525ECBCC500C2335D /* DK Cinnabar Brush.ttf in Resources */,
				5DEDA3D325ECBCC500C2335D /* Cheveuxdange.ttf in Resources */,
				5DEDA40125ECBE6800C2335D /* OFL.txt in Resources */,
				5DEDA3F725ECBE6800C2335D /* Montserrat-Italic.ttf in Resources */,
				5DEDA3D425ECBCC500C2335D /* digital-7.ttf in Resources */,
				5DEDA3D125ECBCC500C2335D /* American Captain.otf in Resources */,
				5D5EAB7A25EA947C00F8C5D6 /* Assets.xcassets in Resources */,
				5DEDA3F125ECBE6800C2335D /* Montserrat-Bold.ttf in Resources */,
				5D5EAB7825EA947B00F8C5D6 /* Main.storyboard in Resources */,
				5DEDA3D625ECBCC500C2335D /* LemonMilk.otf in Resources */,
				5DEDA3D225ECBCC500C2335D /* Blacksword.otf in Resources */,
				5DEDA3F625ECBE6800C2335D /* Montserrat-ExtraLightItalic.ttf in Resources */,
			);
			runOnlyForDeploymentPostprocessing = 0;
		};
/* End PBXResourcesBuildPhase section */

/* Begin PBXShellScriptBuildPhase section */
		2AD53A0DB1E331EBBA0409E5 /* [CP] Check Pods Manifest.lock */ = {
			isa = PBXShellScriptBuildPhase;
			buildActionMask = 2147483647;
			files = (
			);
			inputFileListPaths = (
			);
			inputPaths = (
				"${PODS_PODFILE_DIR_PATH}/Podfile.lock",
				"${PODS_ROOT}/Manifest.lock",
			);
			name = "[CP] Check Pods Manifest.lock";
			outputFileListPaths = (
			);
			outputPaths = (
				"$(DERIVED_FILE_DIR)/Pods-PokemonTeams-checkManifestLockResult.txt",
			);
			runOnlyForDeploymentPostprocessing = 0;
			shellPath = /bin/sh;
			shellScript = "diff \"${PODS_PODFILE_DIR_PATH}/Podfile.lock\" \"${PODS_ROOT}/Manifest.lock\" > /dev/null\nif [ $? != 0 ] ; then\n    # print error to STDERR\n    echo \"error: The sandbox is not in sync with the Podfile.lock. Run 'pod install' or update your CocoaPods installation.\" >&2\n    exit 1\nfi\n# This output is used by Xcode 'outputs' to avoid re-running this script phase.\necho \"SUCCESS\" > \"${SCRIPT_OUTPUT_FILE_0}\"\n";
			showEnvVarsInLog = 0;
		};
		B6C418835480896314B611FE /* [CP] Embed Pods Frameworks */ = {
			isa = PBXShellScriptBuildPhase;
			buildActionMask = 2147483647;
			files = (
			);
			inputFileListPaths = (
				"${PODS_ROOT}/Target Support Files/Pods-PokemonTeams/Pods-PokemonTeams-frameworks-${CONFIGURATION}-input-files.xcfilelist",
			);
			name = "[CP] Embed Pods Frameworks";
			outputFileListPaths = (
				"${PODS_ROOT}/Target Support Files/Pods-PokemonTeams/Pods-PokemonTeams-frameworks-${CONFIGURATION}-output-files.xcfilelist",
			);
			runOnlyForDeploymentPostprocessing = 0;
			shellPath = /bin/sh;
			shellScript = "\"${PODS_ROOT}/Target Support Files/Pods-PokemonTeams/Pods-PokemonTeams-frameworks.sh\"\n";
			showEnvVarsInLog = 0;
		};
/* End PBXShellScriptBuildPhase section */

/* Begin PBXSourcesBuildPhase section */
		5D5EAB6925EA947B00F8C5D6 /* Sources */ = {
			isa = PBXSourcesBuildPhase;
			buildActionMask = 2147483647;
			files = (
				5D74DBFB25EC7F0700C45554 /* FirestoreTeamRepresentation.swift in Sources */,
				5D74DBD325EC0ED200C45554 /* Teams.swift in Sources */,
				5D836D8925EAAA51002DE605 /* SignUpViewController.swift in Sources */,
				5D836E1725EB09DD002DE605 /* HomeViewModel.swift in Sources */,
				5D836DF925EB02A2002DE605 /* Pokemon.swift in Sources */,
				5D836DA025EAB5AF002DE605 /* FirebaseAuthProvider.swift in Sources */,
				5D836DA825EAB68C002DE605 /* LoginResponse.swift in Sources */,
				5D836DA425EAB5E1002DE605 /* AuthProviding.swift in Sources */,
				5D5EAB7525EA947B00F8C5D6 /* ViewController.swift in Sources */,
				5D74DBB425EBB98200C45554 /* RouteConstants.swift in Sources */,
				5D74DBE425EC1AE800C45554 /* FirestoreTeamDataProvider.swift in Sources */,
				5D836DD325EAF7F1002DE605 /* HomeViewController.swift in Sources */,
				5D74DBB025EBB8C700C45554 /* PokemonApiProvider.swift in Sources */,
				5D836DAC25EAB8F1002DE605 /* RegisterResponses.swift in Sources */,
				5D5EAB7125EA947B00F8C5D6 /* AppDelegate.swift in Sources */,
				5D74DBD825EC10A500C45554 /* TeamsTableViewCell.swift in Sources */,
				5D74DBF225EC33A600C45554 /* TeamDataProviding.swift in Sources */,
				5D5EAB8825EA99C800F8C5D6 /* UIView+Extension.swift in Sources */,
				5D836E3525EB4F1B002DE605 /* Keychain.swift in Sources */,
				5D836DD025EACE20002DE605 /* RegisterViewModel.swift in Sources */,
				5D836DB425EAC1A4002DE605 /* LoginViewModel.swift in Sources */,
				5D836D8525EAA956002DE605 /* LoginViewController.swift in Sources */,
				5D5EAB7325EA947B00F8C5D6 /* SceneDelegate.swift in Sources */,
				5D74DBAD25EBB89A00C45554 /* PokemonProviding.swift in Sources */,
				5D836DDF25EAFA09002DE605 /* PokemonCollectionViewCell.swift in Sources */,
				5D836DFC25EB0349002DE605 /* UIImageView+Extension.swift in Sources */,
				5D74DBCF25EBCB3600C45554 /* URL+Extension.swift in Sources */,
				5DEDA3C525EC99FE00C2335D /* TeamListViewModel.swift in Sources */,
				5D74DBF625EC577700C45554 /* PokemonTableViewCell.swift in Sources */,
				5D74DBEE25EC313500C45554 /* CreateTeamViewModel.swift in Sources */,
				5D836DAF25EAB94B002DE605 /* User.swift in Sources */,
				5D74DBDD25EC173400C45554 /* TeamsListViewController.swift in Sources */,
				5D74DBEB25EC1EAA00C45554 /* TeamsDetailsViewController.swift in Sources */,
				5D74DBE825EC1E6E00C45554 /* CreateTeamsViewController.swift in Sources */,
			);
			runOnlyForDeploymentPostprocessing = 0;
		};
/* End PBXSourcesBuildPhase section */

/* Begin PBXVariantGroup section */
		5D5EAB7625EA947B00F8C5D6 /* Main.storyboard */ = {
			isa = PBXVariantGroup;
			children = (
				5D5EAB7725EA947B00F8C5D6 /* Base */,
			);
			name = Main.storyboard;
			sourceTree = "<group>";
		};
		5D5EAB7B25EA947C00F8C5D6 /* LaunchScreen.storyboard */ = {
			isa = PBXVariantGroup;
			children = (
				5D5EAB7C25EA947C00F8C5D6 /* Base */,
			);
			name = LaunchScreen.storyboard;
			sourceTree = "<group>";
		};
/* End PBXVariantGroup section */

/* Begin XCBuildConfiguration section */
		5D5EAB7F25EA947C00F8C5D6 /* Debug */ = {
			isa = XCBuildConfiguration;
			buildSettings = {
				ALWAYS_SEARCH_USER_PATHS = NO;
				CLANG_ANALYZER_NONNULL = YES;
				CLANG_ANALYZER_NUMBER_OBJECT_CONVERSION = YES_AGGRESSIVE;
				CLANG_CXX_LANGUAGE_STANDARD = "gnu++14";
				CLANG_CXX_LIBRARY = "libc++";
				CLANG_ENABLE_MODULES = YES;
				CLANG_ENABLE_OBJC_ARC = YES;
				CLANG_ENABLE_OBJC_WEAK = YES;
				CLANG_WARN_BLOCK_CAPTURE_AUTORELEASING = YES;
				CLANG_WARN_BOOL_CONVERSION = YES;
				CLANG_WARN_COMMA = YES;
				CLANG_WARN_CONSTANT_CONVERSION = YES;
				CLANG_WARN_DEPRECATED_OBJC_IMPLEMENTATIONS = YES;
				CLANG_WARN_DIRECT_OBJC_ISA_USAGE = YES_ERROR;
				CLANG_WARN_DOCUMENTATION_COMMENTS = YES;
				CLANG_WARN_EMPTY_BODY = YES;
				CLANG_WARN_ENUM_CONVERSION = YES;
				CLANG_WARN_INFINITE_RECURSION = YES;
				CLANG_WARN_INT_CONVERSION = YES;
				CLANG_WARN_NON_LITERAL_NULL_CONVERSION = YES;
				CLANG_WARN_OBJC_IMPLICIT_RETAIN_SELF = YES;
				CLANG_WARN_OBJC_LITERAL_CONVERSION = YES;
				CLANG_WARN_OBJC_ROOT_CLASS = YES_ERROR;
				CLANG_WARN_QUOTED_INCLUDE_IN_FRAMEWORK_HEADER = YES;
				CLANG_WARN_RANGE_LOOP_ANALYSIS = YES;
				CLANG_WARN_STRICT_PROTOTYPES = YES;
				CLANG_WARN_SUSPICIOUS_MOVE = YES;
				CLANG_WARN_UNGUARDED_AVAILABILITY = YES_AGGRESSIVE;
				CLANG_WARN_UNREACHABLE_CODE = YES;
				CLANG_WARN__DUPLICATE_METHOD_MATCH = YES;
				COPY_PHASE_STRIP = NO;
				DEBUG_INFORMATION_FORMAT = dwarf;
				ENABLE_STRICT_OBJC_MSGSEND = YES;
				ENABLE_TESTABILITY = YES;
				GCC_C_LANGUAGE_STANDARD = gnu11;
				GCC_DYNAMIC_NO_PIC = NO;
				GCC_NO_COMMON_BLOCKS = YES;
				GCC_OPTIMIZATION_LEVEL = 0;
				GCC_PREPROCESSOR_DEFINITIONS = (
					"DEBUG=1",
					"$(inherited)",
				);
				GCC_WARN_64_TO_32_BIT_CONVERSION = YES;
				GCC_WARN_ABOUT_RETURN_TYPE = YES_ERROR;
				GCC_WARN_UNDECLARED_SELECTOR = YES;
				GCC_WARN_UNINITIALIZED_AUTOS = YES_AGGRESSIVE;
				GCC_WARN_UNUSED_FUNCTION = YES;
				GCC_WARN_UNUSED_VARIABLE = YES;
				IPHONEOS_DEPLOYMENT_TARGET = 14.4;
				MTL_ENABLE_DEBUG_INFO = INCLUDE_SOURCE;
				MTL_FAST_MATH = YES;
				ONLY_ACTIVE_ARCH = YES;
				SDKROOT = iphoneos;
				SWIFT_ACTIVE_COMPILATION_CONDITIONS = DEBUG;
				SWIFT_OPTIMIZATION_LEVEL = "-Onone";
			};
			name = Debug;
		};
		5D5EAB8025EA947C00F8C5D6 /* Release */ = {
			isa = XCBuildConfiguration;
			buildSettings = {
				ALWAYS_SEARCH_USER_PATHS = NO;
				CLANG_ANALYZER_NONNULL = YES;
				CLANG_ANALYZER_NUMBER_OBJECT_CONVERSION = YES_AGGRESSIVE;
				CLANG_CXX_LANGUAGE_STANDARD = "gnu++14";
				CLANG_CXX_LIBRARY = "libc++";
				CLANG_ENABLE_MODULES = YES;
				CLANG_ENABLE_OBJC_ARC = YES;
				CLANG_ENABLE_OBJC_WEAK = YES;
				CLANG_WARN_BLOCK_CAPTURE_AUTORELEASING = YES;
				CLANG_WARN_BOOL_CONVERSION = YES;
				CLANG_WARN_COMMA = YES;
				CLANG_WARN_CONSTANT_CONVERSION = YES;
				CLANG_WARN_DEPRECATED_OBJC_IMPLEMENTATIONS = YES;
				CLANG_WARN_DIRECT_OBJC_ISA_USAGE = YES_ERROR;
				CLANG_WARN_DOCUMENTATION_COMMENTS = YES;
				CLANG_WARN_EMPTY_BODY = YES;
				CLANG_WARN_ENUM_CONVERSION = YES;
				CLANG_WARN_INFINITE_RECURSION = YES;
				CLANG_WARN_INT_CONVERSION = YES;
				CLANG_WARN_NON_LITERAL_NULL_CONVERSION = YES;
				CLANG_WARN_OBJC_IMPLICIT_RETAIN_SELF = YES;
				CLANG_WARN_OBJC_LITERAL_CONVERSION = YES;
				CLANG_WARN_OBJC_ROOT_CLASS = YES_ERROR;
				CLANG_WARN_QUOTED_INCLUDE_IN_FRAMEWORK_HEADER = YES;
				CLANG_WARN_RANGE_LOOP_ANALYSIS = YES;
				CLANG_WARN_STRICT_PROTOTYPES = YES;
				CLANG_WARN_SUSPICIOUS_MOVE = YES;
				CLANG_WARN_UNGUARDED_AVAILABILITY = YES_AGGRESSIVE;
				CLANG_WARN_UNREACHABLE_CODE = YES;
				CLANG_WARN__DUPLICATE_METHOD_MATCH = YES;
				COPY_PHASE_STRIP = NO;
				DEBUG_INFORMATION_FORMAT = "dwarf-with-dsym";
				ENABLE_NS_ASSERTIONS = NO;
				ENABLE_STRICT_OBJC_MSGSEND = YES;
				GCC_C_LANGUAGE_STANDARD = gnu11;
				GCC_NO_COMMON_BLOCKS = YES;
				GCC_WARN_64_TO_32_BIT_CONVERSION = YES;
				GCC_WARN_ABOUT_RETURN_TYPE = YES_ERROR;
				GCC_WARN_UNDECLARED_SELECTOR = YES;
				GCC_WARN_UNINITIALIZED_AUTOS = YES_AGGRESSIVE;
				GCC_WARN_UNUSED_FUNCTION = YES;
				GCC_WARN_UNUSED_VARIABLE = YES;
				IPHONEOS_DEPLOYMENT_TARGET = 14.4;
				MTL_ENABLE_DEBUG_INFO = NO;
				MTL_FAST_MATH = YES;
				SDKROOT = iphoneos;
				SWIFT_COMPILATION_MODE = wholemodule;
				SWIFT_OPTIMIZATION_LEVEL = "-O";
				VALIDATE_PRODUCT = YES;
			};
			name = Release;
		};
		5D5EAB8225EA947C00F8C5D6 /* Debug */ = {
			isa = XCBuildConfiguration;
			baseConfigurationReference = D1F02E7619B3962988331096 /* Pods-PokemonTeams.debug.xcconfig */;
			buildSettings = {
				ASSETCATALOG_COMPILER_APPICON_NAME = AppIcon;
				ASSETCATALOG_COMPILER_GLOBAL_ACCENT_COLOR_NAME = AccentColor;
				CODE_SIGN_STYLE = Automatic;
				DEVELOPMENT_TEAM = U2VK48STRA;
				INFOPLIST_FILE = PokemonTeams/Info.plist;
				IPHONEOS_DEPLOYMENT_TARGET = 14.1;
				LD_RUNPATH_SEARCH_PATHS = (
					"$(inherited)",
					"@executable_path/Frameworks",
				);
				PRODUCT_BUNDLE_IDENTIFIER = com.devs.PokemonTeams;
				PRODUCT_NAME = "$(TARGET_NAME)";
				SWIFT_VERSION = 5.0;
				TARGETED_DEVICE_FAMILY = 1;
			};
			name = Debug;
		};
		5D5EAB8325EA947C00F8C5D6 /* Release */ = {
			isa = XCBuildConfiguration;
			baseConfigurationReference = 442D9FE2DB921A062C567580 /* Pods-PokemonTeams.release.xcconfig */;
			buildSettings = {
				ASSETCATALOG_COMPILER_APPICON_NAME = AppIcon;
				ASSETCATALOG_COMPILER_GLOBAL_ACCENT_COLOR_NAME = AccentColor;
				CODE_SIGN_STYLE = Automatic;
				DEVELOPMENT_TEAM = U2VK48STRA;
				INFOPLIST_FILE = PokemonTeams/Info.plist;
				IPHONEOS_DEPLOYMENT_TARGET = 14.1;
				LD_RUNPATH_SEARCH_PATHS = (
					"$(inherited)",
					"@executable_path/Frameworks",
				);
				PRODUCT_BUNDLE_IDENTIFIER = com.devs.PokemonTeams;
				PRODUCT_NAME = "$(TARGET_NAME)";
				SWIFT_VERSION = 5.0;
				TARGETED_DEVICE_FAMILY = 1;
			};
			name = Release;
		};
/* End XCBuildConfiguration section */

/* Begin XCConfigurationList section */
		5D5EAB6825EA947B00F8C5D6 /* Build configuration list for PBXProject "PokemonTeams" */ = {
			isa = XCConfigurationList;
			buildConfigurations = (
				5D5EAB7F25EA947C00F8C5D6 /* Debug */,
				5D5EAB8025EA947C00F8C5D6 /* Release */,
			);
			defaultConfigurationIsVisible = 0;
			defaultConfigurationName = Release;
		};
		5D5EAB8125EA947C00F8C5D6 /* Build configuration list for PBXNativeTarget "PokemonTeams" */ = {
			isa = XCConfigurationList;
			buildConfigurations = (
				5D5EAB8225EA947C00F8C5D6 /* Debug */,
				5D5EAB8325EA947C00F8C5D6 /* Release */,
			);
			defaultConfigurationIsVisible = 0;
			defaultConfigurationName = Release;
		};
/* End XCConfigurationList section */
	};
	rootObject = 5D5EAB6525EA947B00F8C5D6 /* Project object */;
}
